// !$*UTF8*$!
{
	archiveVersion = 1;
	classes = {
	};
	objectVersion = 50;
	objects = {

/* Begin PBXBuildFile section */
		4D3F885922D35EBF000DBE8A /* AppDelegate.swift in Sources */ = {isa = PBXBuildFile; fileRef = 4D3F885822D35EBF000DBE8A /* AppDelegate.swift */; };
		4D3F885B22D35EBF000DBE8A /* ViewController.swift in Sources */ = {isa = PBXBuildFile; fileRef = 4D3F885A22D35EBF000DBE8A /* ViewController.swift */; };
		4D3F885E22D35EBF000DBE8A /* Main.storyboard in Resources */ = {isa = PBXBuildFile; fileRef = 4D3F885C22D35EBF000DBE8A /* Main.storyboard */; };
		4D3F886022D35EC0000DBE8A /* Assets.xcassets in Resources */ = {isa = PBXBuildFile; fileRef = 4D3F885F22D35EC0000DBE8A /* Assets.xcassets */; };
		4D3F886322D35EC0000DBE8A /* LaunchScreen.storyboard in Resources */ = {isa = PBXBuildFile; fileRef = 4D3F886122D35EC0000DBE8A /* LaunchScreen.storyboard */; };
		4D3F886E22D35EC0000DBE8A /* DataSourceForTableViewTests.swift in Sources */ = {isa = PBXBuildFile; fileRef = 4D3F886D22D35EC0000DBE8A /* DataSourceForTableViewTests.swift */; };
		4D3F887922D35EC0000DBE8A /* DataSourceForTableViewUITests.swift in Sources */ = {isa = PBXBuildFile; fileRef = 4D3F887822D35EC0000DBE8A /* DataSourceForTableViewUITests.swift */; };
		4D3F888722D35EEB000DBE8A /* SettingType.swift in Sources */ = {isa = PBXBuildFile; fileRef = 4D3F888622D35EEB000DBE8A /* SettingType.swift */; };
		4D3F888922D35F14000DBE8A /* SettingsSection.swift in Sources */ = {isa = PBXBuildFile; fileRef = 4D3F888822D35F14000DBE8A /* SettingsSection.swift */; };
		4D3F888B22D35FE0000DBE8A /* SettingsTableViewDataSource.swift in Sources */ = {isa = PBXBuildFile; fileRef = 4D3F888A22D35FE0000DBE8A /* SettingsTableViewDataSource.swift */; };
		4D3F888D22D36A5A000DBE8A /* SettingsTableViewDelege.swift in Sources */ = {isa = PBXBuildFile; fileRef = 4D3F888C22D36A5A000DBE8A /* SettingsTableViewDelege.swift */; };
/* End PBXBuildFile section */

/* Begin PBXContainerItemProxy section */
		4D3F886A22D35EC0000DBE8A /* PBXContainerItemProxy */ = {
			isa = PBXContainerItemProxy;
			containerPortal = 4D3F884D22D35EBF000DBE8A /* Project object */;
			proxyType = 1;
			remoteGlobalIDString = 4D3F885422D35EBF000DBE8A;
			remoteInfo = DataSourceForTableView;
		};
		4D3F887522D35EC0000DBE8A /* PBXContainerItemProxy */ = {
			isa = PBXContainerItemProxy;
			containerPortal = 4D3F884D22D35EBF000DBE8A /* Project object */;
			proxyType = 1;
			remoteGlobalIDString = 4D3F885422D35EBF000DBE8A;
			remoteInfo = DataSourceForTableView;
		};
/* End PBXContainerItemProxy section */

/* Begin PBXFileReference section */
		4D3F885522D35EBF000DBE8A /* DataSourceForTableView.app */ = {isa = PBXFileReference; explicitFileType = wrapper.application; includeInIndex = 0; path = DataSourceForTableView.app; sourceTree = BUILT_PRODUCTS_DIR; };
		4D3F885822D35EBF000DBE8A /* AppDelegate.swift */ = {isa = PBXFileReference; lastKnownFileType = sourcecode.swift; path = AppDelegate.swift; sourceTree = "<group>"; };
		4D3F885A22D35EBF000DBE8A /* ViewController.swift */ = {isa = PBXFileReference; lastKnownFileType = sourcecode.swift; path = ViewController.swift; sourceTree = "<group>"; };
		4D3F885D22D35EBF000DBE8A /* Base */ = {isa = PBXFileReference; lastKnownFileType = file.storyboard; name = Base; path = Base.lproj/Main.storyboard; sourceTree = "<group>"; };
		4D3F885F22D35EC0000DBE8A /* Assets.xcassets */ = {isa = PBXFileReference; lastKnownFileType = folder.assetcatalog; path = Assets.xcassets; sourceTree = "<group>"; };
		4D3F886222D35EC0000DBE8A /* Base */ = {isa = PBXFileReference; lastKnownFileType = file.storyboard; name = Base; path = Base.lproj/LaunchScreen.storyboard; sourceTree = "<group>"; };
		4D3F886422D35EC0000DBE8A /* Info.plist */ = {isa = PBXFileReference; lastKnownFileType = text.plist.xml; path = Info.plist; sourceTree = "<group>"; };
		4D3F886922D35EC0000DBE8A /* DataSourceForTableViewTests.xctest */ = {isa = PBXFileReference; explicitFileType = wrapper.cfbundle; includeInIndex = 0; path = DataSourceForTableViewTests.xctest; sourceTree = BUILT_PRODUCTS_DIR; };
		4D3F886D22D35EC0000DBE8A /* DataSourceForTableViewTests.swift */ = {isa = PBXFileReference; lastKnownFileType = sourcecode.swift; path = DataSourceForTableViewTests.swift; sourceTree = "<group>"; };
		4D3F886F22D35EC0000DBE8A /* Info.plist */ = {isa = PBXFileReference; lastKnownFileType = text.plist.xml; path = Info.plist; sourceTree = "<group>"; };
		4D3F887422D35EC0000DBE8A /* DataSourceForTableViewUITests.xctest */ = {isa = PBXFileReference; explicitFileType = wrapper.cfbundle; includeInIndex = 0; path = DataSourceForTableViewUITests.xctest; sourceTree = BUILT_PRODUCTS_DIR; };
		4D3F887822D35EC0000DBE8A /* DataSourceForTableViewUITests.swift */ = {isa = PBXFileReference; lastKnownFileType = sourcecode.swift; path = DataSourceForTableViewUITests.swift; sourceTree = "<group>"; };
		4D3F887A22D35EC0000DBE8A /* Info.plist */ = {isa = PBXFileReference; lastKnownFileType = text.plist.xml; path = Info.plist; sourceTree = "<group>"; };
		4D3F888622D35EEB000DBE8A /* SettingType.swift */ = {isa = PBXFileReference; lastKnownFileType = sourcecode.swift; path = SettingType.swift; sourceTree = "<group>"; };
		4D3F888822D35F14000DBE8A /* SettingsSection.swift */ = {isa = PBXFileReference; lastKnownFileType = sourcecode.swift; path = SettingsSection.swift; sourceTree = "<group>"; };
		4D3F888A22D35FE0000DBE8A /* SettingsTableViewDataSource.swift */ = {isa = PBXFileReference; lastKnownFileType = sourcecode.swift; path = SettingsTableViewDataSource.swift; sourceTree = "<group>"; };
		4D3F888C22D36A5A000DBE8A /* SettingsTableViewDelege.swift */ = {isa = PBXFileReference; lastKnownFileType = sourcecode.swift; path = SettingsTableViewDelege.swift; sourceTree = "<group>"; };
/* End PBXFileReference section */

/* Begin PBXFrameworksBuildPhase section */
		4D3F885222D35EBF000DBE8A /* Frameworks */ = {
			isa = PBXFrameworksBuildPhase;
			buildActionMask = 2147483647;
			files = (
			);
			runOnlyForDeploymentPostprocessing = 0;
		};
		4D3F886622D35EC0000DBE8A /* Frameworks */ = {
			isa = PBXFrameworksBuildPhase;
			buildActionMask = 2147483647;
			files = (
			);
			runOnlyForDeploymentPostprocessing = 0;
		};
		4D3F887122D35EC0000DBE8A /* Frameworks */ = {
			isa = PBXFrameworksBuildPhase;
			buildActionMask = 2147483647;
			files = (
			);
			runOnlyForDeploymentPostprocessing = 0;
		};
/* End PBXFrameworksBuildPhase section */

/* Begin PBXGroup section */
		4D3F884C22D35EBF000DBE8A = {
			isa = PBXGroup;
			children = (
				4D3F885722D35EBF000DBE8A /* DataSourceForTableView */,
				4D3F886C22D35EC0000DBE8A /* DataSourceForTableViewTests */,
				4D3F887722D35EC0000DBE8A /* DataSourceForTableViewUITests */,
				4D3F885622D35EBF000DBE8A /* Products */,
			);
			sourceTree = "<group>";
		};
		4D3F885622D35EBF000DBE8A /* Products */ = {
			isa = PBXGroup;
			children = (
				4D3F885522D35EBF000DBE8A /* DataSourceForTableView.app */,
				4D3F886922D35EC0000DBE8A /* DataSourceForTableViewTests.xctest */,
				4D3F887422D35EC0000DBE8A /* DataSourceForTableViewUITests.xctest */,
			);
			name = Products;
			sourceTree = "<group>";
		};
		4D3F885722D35EBF000DBE8A /* DataSourceForTableView */ = {
			isa = PBXGroup;
			children = (
				4D3F885822D35EBF000DBE8A /* AppDelegate.swift */,
				4D3F885A22D35EBF000DBE8A /* ViewController.swift */,
				4D3F885C22D35EBF000DBE8A /* Main.storyboard */,
				4D3F885F22D35EC0000DBE8A /* Assets.xcassets */,
				4D3F886122D35EC0000DBE8A /* LaunchScreen.storyboard */,
				4D3F886422D35EC0000DBE8A /* Info.plist */,
				4D3F888622D35EEB000DBE8A /* SettingType.swift */,
				4D3F888822D35F14000DBE8A /* SettingsSection.swift */,
				4D3F888A22D35FE0000DBE8A /* SettingsTableViewDataSource.swift */,
				4D3F888C22D36A5A000DBE8A /* SettingsTableViewDelege.swift */,
			);
			path = DataSourceForTableView;
			sourceTree = "<group>";
		};
		4D3F886C22D35EC0000DBE8A /* DataSourceForTableViewTests */ = {
			isa = PBXGroup;
			children = (
				4D3F886D22D35EC0000DBE8A /* DataSourceForTableViewTests.swift */,
				4D3F886F22D35EC0000DBE8A /* Info.plist */,
			);
			path = DataSourceForTableViewTests;
			sourceTree = "<group>";
		};
		4D3F887722D35EC0000DBE8A /* DataSourceForTableViewUITests */ = {
			isa = PBXGroup;
			children = (
				4D3F887822D35EC0000DBE8A /* DataSourceForTableViewUITests.swift */,
				4D3F887A22D35EC0000DBE8A /* Info.plist */,
			);
			path = DataSourceForTableViewUITests;
			sourceTree = "<group>";
		};
/* End PBXGroup section */

/* Begin PBXNativeTarget section */
		4D3F885422D35EBF000DBE8A /* DataSourceForTableView */ = {
			isa = PBXNativeTarget;
			buildConfigurationList = 4D3F887D22D35EC0000DBE8A /* Build configuration list for PBXNativeTarget "DataSourceForTableView" */;
			buildPhases = (
				4D3F885122D35EBF000DBE8A /* Sources */,
				4D3F885222D35EBF000DBE8A /* Frameworks */,
				4D3F885322D35EBF000DBE8A /* Resources */,
			);
			buildRules = (
			);
			dependencies = (
			);
			name = DataSourceForTableView;
			productName = DataSourceForTableView;
			productReference = 4D3F885522D35EBF000DBE8A /* DataSourceForTableView.app */;
			productType = "com.apple.product-type.application";
		};
		4D3F886822D35EC0000DBE8A /* DataSourceForTableViewTests */ = {
			isa = PBXNativeTarget;
			buildConfigurationList = 4D3F888022D35EC0000DBE8A /* Build configuration list for PBXNativeTarget "DataSourceForTableViewTests" */;
			buildPhases = (
				4D3F886522D35EC0000DBE8A /* Sources */,
				4D3F886622D35EC0000DBE8A /* Frameworks */,
				4D3F886722D35EC0000DBE8A /* Resources */,
			);
			buildRules = (
			);
			dependencies = (
				4D3F886B22D35EC0000DBE8A /* PBXTargetDependency */,
			);
			name = DataSourceForTableViewTests;
			productName = DataSourceForTableViewTests;
			productReference = 4D3F886922D35EC0000DBE8A /* DataSourceForTableViewTests.xctest */;
			productType = "com.apple.product-type.bundle.unit-test";
		};
		4D3F887322D35EC0000DBE8A /* DataSourceForTableViewUITests */ = {
			isa = PBXNativeTarget;
			buildConfigurationList = 4D3F888322D35EC0000DBE8A /* Build configuration list for PBXNativeTarget "DataSourceForTableViewUITests" */;
			buildPhases = (
				4D3F887022D35EC0000DBE8A /* Sources */,
				4D3F887122D35EC0000DBE8A /* Frameworks */,
				4D3F887222D35EC0000DBE8A /* Resources */,
			);
			buildRules = (
			);
			dependencies = (
				4D3F887622D35EC0000DBE8A /* PBXTargetDependency */,
			);
			name = DataSourceForTableViewUITests;
			productName = DataSourceForTableViewUITests;
			productReference = 4D3F887422D35EC0000DBE8A /* DataSourceForTableViewUITests.xctest */;
			productType = "com.apple.product-type.bundle.ui-testing";
		};
/* End PBXNativeTarget section */

/* Begin PBXProject section */
		4D3F884D22D35EBF000DBE8A /* Project object */ = {
			isa = PBXProject;
			attributes = {
				LastSwiftUpdateCheck = 1020;
				LastUpgradeCheck = 1020;
				ORGANIZATIONNAME = "Ntobeko Sikithi";
				TargetAttributes = {
					4D3F885422D35EBF000DBE8A = {
						CreatedOnToolsVersion = 10.2.1;
					};
					4D3F886822D35EC0000DBE8A = {
						CreatedOnToolsVersion = 10.2.1;
						TestTargetID = 4D3F885422D35EBF000DBE8A;
					};
					4D3F887322D35EC0000DBE8A = {
						CreatedOnToolsVersion = 10.2.1;
						TestTargetID = 4D3F885422D35EBF000DBE8A;
					};
				};
			};
			buildConfigurationList = 4D3F885022D35EBF000DBE8A /* Build configuration list for PBXProject "DataSourceForTableView" */;
			compatibilityVersion = "Xcode 9.3";
			developmentRegion = en;
			hasScannedForEncodings = 0;
			knownRegions = (
				en,
				Base,
			);
			mainGroup = 4D3F884C22D35EBF000DBE8A;
			productRefGroup = 4D3F885622D35EBF000DBE8A /* Products */;
			projectDirPath = "";
			projectRoot = "";
			targets = (
				4D3F885422D35EBF000DBE8A /* DataSourceForTableView */,
				4D3F886822D35EC0000DBE8A /* DataSourceForTableViewTests */,
				4D3F887322D35EC0000DBE8A /* DataSourceForTableViewUITests */,
			);
		};
/* End PBXProject section */

/* Begin PBXResourcesBuildPhase section */
		4D3F885322D35EBF000DBE8A /* Resources */ = {
			isa = PBXResourcesBuildPhase;
			buildActionMask = 2147483647;
			files = (
				4D3F886322D35EC0000DBE8A /* LaunchScreen.storyboard in Resources */,
				4D3F886022D35EC0000DBE8A /* Assets.xcassets in Resources */,
				4D3F885E22D35EBF000DBE8A /* Main.storyboard in Resources */,
			);
			runOnlyForDeploymentPostprocessing = 0;
		};
		4D3F886722D35EC0000DBE8A /* Resources */ = {
			isa = PBXResourcesBuildPhase;
			buildActionMask = 2147483647;
			files = (
			);
			runOnlyForDeploymentPostprocessing = 0;
		};
		4D3F887222D35EC0000DBE8A /* Resources */ = {
			isa = PBXResourcesBuildPhase;
			buildActionMask = 2147483647;
			files = (
			);
			runOnlyForDeploymentPostprocessing = 0;
		};
/* End PBXResourcesBuildPhase section */

/* Begin PBXSourcesBuildPhase section */
		4D3F885122D35EBF000DBE8A /* Sources */ = {
			isa = PBXSourcesBuildPhase;
			buildActionMask = 2147483647;
			files = (
				4D3F888D22D36A5A000DBE8A /* SettingsTableViewDelege.swift in Sources */,
				4D3F885B22D35EBF000DBE8A /* ViewController.swift in Sources */,
				4D3F888722D35EEB000DBE8A /* SettingType.swift in Sources */,
				4D3F888922D35F14000DBE8A /* SettingsSection.swift in Sources */,
				4D3F888B22D35FE0000DBE8A /* SettingsTableViewDataSource.swift in Sources */,
				4D3F885922D35EBF000DBE8A /* AppDelegate.swift in Sources */,
			);
			runOnlyForDeploymentPostprocessing = 0;
		};
		4D3F886522D35EC0000DBE8A /* Sources */ = {
			isa = PBXSourcesBuildPhase;
			buildActionMask = 2147483647;
			files = (
				4D3F886E22D35EC0000DBE8A /* DataSourceForTableViewTests.swift in Sources */,
			);
			runOnlyForDeploymentPostprocessing = 0;
		};
		4D3F887022D35EC0000DBE8A /* Sources */ = {
			isa = PBXSourcesBuildPhase;
			buildActionMask = 2147483647;
			files = (
				4D3F887922D35EC0000DBE8A /* DataSourceForTableViewUITests.swift in Sources */,
			);
			runOnlyForDeploymentPostprocessing = 0;
		};
/* End PBXSourcesBuildPhase section */

/* Begin PBXTargetDependency section */
		4D3F886B22D35EC0000DBE8A /* PBXTargetDependency */ = {
			isa = PBXTargetDependency;
			target = 4D3F885422D35EBF000DBE8A /* DataSourceForTableView */;
			targetProxy = 4D3F886A22D35EC0000DBE8A /* PBXContainerItemProxy */;
		};
		4D3F887622D35EC0000DBE8A /* PBXTargetDependency */ = {
			isa = PBXTargetDependency;
			target = 4D3F885422D35EBF000DBE8A /* DataSourceForTableView */;
			targetProxy = 4D3F887522D35EC0000DBE8A /* PBXContainerItemProxy */;
		};
/* End PBXTargetDependency section */

/* Begin PBXVariantGroup section */
		4D3F885C22D35EBF000DBE8A /* Main.storyboard */ = {
			isa = PBXVariantGroup;
			children = (
				4D3F885D22D35EBF000DBE8A /* Base */,
			);
			name = Main.storyboard;
			sourceTree = "<group>";
		};
		4D3F886122D35EC0000DBE8A /* LaunchScreen.storyboard */ = {
			isa = PBXVariantGroup;
			children = (
				4D3F886222D35EC0000DBE8A /* Base */,
			);
			name = LaunchScreen.storyboard;
			sourceTree = "<group>";
		};
/* End PBXVariantGroup section */

/* Begin XCBuildConfiguration section */
		4D3F887B22D35EC0000DBE8A /* Debug */ = {
			isa = XCBuildConfiguration;
			buildSettings = {
				ALWAYS_SEARCH_USER_PATHS = NO;
				CLANG_ANALYZER_NONNULL = YES;
				CLANG_ANALYZER_NUMBER_OBJECT_CONVERSION = YES_AGGRESSIVE;
				CLANG_CXX_LANGUAGE_STANDARD = "gnu++14";
				CLANG_CXX_LIBRARY = "libc++";
				CLANG_ENABLE_MODULES = YES;
				CLANG_ENABLE_OBJC_ARC = YES;
				CLANG_ENABLE_OBJC_WEAK = YES;
				CLANG_WARN_BLOCK_CAPTURE_AUTORELEASING = YES;
				CLANG_WARN_BOOL_CONVERSION = YES;
				CLANG_WARN_COMMA = YES;
				CLANG_WARN_CONSTANT_CONVERSION = YES;
				CLANG_WARN_DEPRECATED_OBJC_IMPLEMENTATIONS = YES;
				CLANG_WARN_DIRECT_OBJC_ISA_USAGE = YES_ERROR;
				CLANG_WARN_DOCUMENTATION_COMMENTS = YES;
				CLANG_WARN_EMPTY_BODY = YES;
				CLANG_WARN_ENUM_CONVERSION = YES;
				CLANG_WARN_INFINITE_RECURSION = YES;
				CLANG_WARN_INT_CONVERSION = YES;
				CLANG_WARN_NON_LITERAL_NULL_CONVERSION = YES;
				CLANG_WARN_OBJC_IMPLICIT_RETAIN_SELF = YES;
				CLANG_WARN_OBJC_LITERAL_CONVERSION = YES;
				CLANG_WARN_OBJC_ROOT_CLASS = YES_ERROR;
				CLANG_WARN_RANGE_LOOP_ANALYSIS = YES;
				CLANG_WARN_STRICT_PROTOTYPES = YES;
				CLANG_WARN_SUSPICIOUS_MOVE = YES;
				CLANG_WARN_UNGUARDED_AVAILABILITY = YES_AGGRESSIVE;
				CLANG_WARN_UNREACHABLE_CODE = YES;
				CLANG_WARN__DUPLICATE_METHOD_MATCH = YES;
				CODE_SIGN_IDENTITY = "iPhone Developer";
				COPY_PHASE_STRIP = NO;
				DEBUG_INFORMATION_FORMAT = dwarf;
				ENABLE_STRICT_OBJC_MSGSEND = YES;
				ENABLE_TESTABILITY = YES;
				GCC_C_LANGUAGE_STANDARD = gnu11;
				GCC_DYNAMIC_NO_PIC = NO;
				GCC_NO_COMMON_BLOCKS = YES;
				GCC_OPTIMIZATION_LEVEL = 0;
				GCC_PREPROCESSOR_DEFINITIONS = (
					"DEBUG=1",
					"$(inherited)",
				);
				GCC_WARN_64_TO_32_BIT_CONVERSION = YES;
				GCC_WARN_ABOUT_RETURN_TYPE = YES_ERROR;
				GCC_WARN_UNDECLARED_SELECTOR = YES;
				GCC_WARN_UNINITIALIZED_AUTOS = YES_AGGRESSIVE;
				GCC_WARN_UNUSED_FUNCTION = YES;
				GCC_WARN_UNUSED_VARIABLE = YES;
				IPHONEOS_DEPLOYMENT_TARGET = 12.2;
				MTL_ENABLE_DEBUG_INFO = INCLUDE_SOURCE;
				MTL_FAST_MATH = YES;
				ONLY_ACTIVE_ARCH = YES;
				SDKROOT = iphoneos;
				SWIFT_ACTIVE_COMPILATION_CONDITIONS = DEBUG;
				SWIFT_OPTIMIZATION_LEVEL = "-Onone";
			};
			name = Debug;
		};
		4D3F887C22D35EC0000DBE8A /* Release */ = {
			isa = XCBuildConfiguration;
			buildSettings = {
				ALWAYS_SEARCH_USER_PATHS = NO;
				CLANG_ANALYZER_NONNULL = YES;
				CLANG_ANALYZER_NUMBER_OBJECT_CONVERSION = YES_AGGRESSIVE;
				CLANG_CXX_LANGUAGE_STANDARD = "gnu++14";
				CLANG_CXX_LIBRARY = "libc++";
				CLANG_ENABLE_MODULES = YES;
				CLANG_ENABLE_OBJC_ARC = YES;
				CLANG_ENABLE_OBJC_WEAK = YES;
				CLANG_WARN_BLOCK_CAPTURE_AUTORELEASING = YES;
				CLANG_WARN_BOOL_CONVERSION = YES;
				CLANG_WARN_COMMA = YES;
				CLANG_WARN_CONSTANT_CONVERSION = YES;
				CLANG_WARN_DEPRECATED_OBJC_IMPLEMENTATIONS = YES;
				CLANG_WARN_DIRECT_OBJC_ISA_USAGE = YES_ERROR;
				CLANG_WARN_DOCUMENTATION_COMMENTS = YES;
				CLANG_WARN_EMPTY_BODY = YES;
				CLANG_WARN_ENUM_CONVERSION = YES;
				CLANG_WARN_INFINITE_RECURSION = YES;
				CLANG_WARN_INT_CONVERSION = YES;
				CLANG_WARN_NON_LITERAL_NULL_CONVERSION = YES;
				CLANG_WARN_OBJC_IMPLICIT_RETAIN_SELF = YES;
				CLANG_WARN_OBJC_LITERAL_CONVERSION = YES;
				CLANG_WARN_OBJC_ROOT_CLASS = YES_ERROR;
				CLANG_WARN_RANGE_LOOP_ANALYSIS = YES;
				CLANG_WARN_STRICT_PROTOTYPES = YES;
				CLANG_WARN_SUSPICIOUS_MOVE = YES;
				CLANG_WARN_UNGUARDED_AVAILABILITY = YES_AGGRESSIVE;
				CLANG_WARN_UNREACHABLE_CODE = YES;
				CLANG_WARN__DUPLICATE_METHOD_MATCH = YES;
				CODE_SIGN_IDENTITY = "iPhone Developer";
				COPY_PHASE_STRIP = NO;
				DEBUG_INFORMATION_FORMAT = "dwarf-with-dsym";
				ENABLE_NS_ASSERTIONS = NO;
				ENABLE_STRICT_OBJC_MSGSEND = YES;
				GCC_C_LANGUAGE_STANDARD = gnu11;
				GCC_NO_COMMON_BLOCKS = YES;
				GCC_WARN_64_TO_32_BIT_CONVERSION = YES;
				GCC_WARN_ABOUT_RETURN_TYPE = YES_ERROR;
				GCC_WARN_UNDECLARED_SELECTOR = YES;
				GCC_WARN_UNINITIALIZED_AUTOS = YES_AGGRESSIVE;
				GCC_WARN_UNUSED_FUNCTION = YES;
				GCC_WARN_UNUSED_VARIABLE = YES;
				IPHONEOS_DEPLOYMENT_TARGET = 12.2;
				MTL_ENABLE_DEBUG_INFO = NO;
				MTL_FAST_MATH = YES;
				SDKROOT = iphoneos;
				SWIFT_COMPILATION_MODE = wholemodule;
				SWIFT_OPTIMIZATION_LEVEL = "-O";
				VALIDATE_PRODUCT = YES;
			};
			name = Release;
		};
		4D3F887E22D35EC0000DBE8A /* Debug */ = {
			isa = XCBuildConfiguration;
			buildSettings = {
				ASSETCATALOG_COMPILER_APPICON_NAME = AppIcon;
				CODE_SIGN_STYLE = Automatic;
				DEVELOPMENT_TEAM = J6JBXWQ47V;
				INFOPLIST_FILE = DataSourceForTableView/Info.plist;
				LD_RUNPATH_SEARCH_PATHS = (
					"$(inherited)",
					"@executable_path/Frameworks",
				);
				PRODUCT_BUNDLE_IDENTIFIER = co.ntobeko.DataSourceForTableView;
				PRODUCT_NAME = "$(TARGET_NAME)";
				SWIFT_VERSION = 5.0;
				TARGETED_DEVICE_FAMILY = "1,2";
			};
			name = Debug;
		};
		4D3F887F22D35EC0000DBE8A /* Release */ = {
			isa = XCBuildConfiguration;
			buildSettings = {
				ASSETCATALOG_COMPILER_APPICON_NAME = AppIcon;
				CODE_SIGN_STYLE = Automatic;
				DEVELOPMENT_TEAM = J6JBXWQ47V;
				INFOPLIST_FILE = DataSourceForTableView/Info.plist;
				LD_RUNPATH_SEARCH_PATHS = (
					"$(inherited)",
					"@executable_path/Frameworks",
				);
				PRODUCT_BUNDLE_IDENTIFIER = co.ntobeko.DataSourceForTableView;
				PRODUCT_NAME = "$(TARGET_NAME)";
				SWIFT_VERSION = 5.0;
				TARGETED_DEVICE_FAMILY = "1,2";
			};
			name = Release;
		};
		4D3F888122D35EC0000DBE8A /* Debug */ = {
			isa = XCBuildConfiguration;
			buildSettings = {
				ALWAYS_EMBED_SWIFT_STANDARD_LIBRARIES = YES;
				BUNDLE_LOADER = "$(TEST_HOST)";
				CODE_SIGN_STYLE = Automatic;
				DEVELOPMENT_TEAM = J6JBXWQ47V;
				INFOPLIST_FILE = DataSourceForTableViewTests/Info.plist;
				LD_RUNPATH_SEARCH_PATHS = (
					"$(inherited)",
					"@executable_path/Frameworks",
					"@loader_path/Frameworks",
				);
				PRODUCT_BUNDLE_IDENTIFIER = co.ntobeko.DataSourceForTableViewTests;
				PRODUCT_NAME = "$(TARGET_NAME)";
				SWIFT_VERSION = 5.0;
				TARGETED_DEVICE_FAMILY = "1,2";
				TEST_HOST = "$(BUILT_PRODUCTS_DIR)/DataSourceForTableView.app/DataSourceForTableView";
			};
			name = Debug;
		};
		4D3F888222D35EC0000DBE8A /* Release */ = {
			isa = XCBuildConfiguration;
			buildSettings = {
				ALWAYS_EMBED_SWIFT_STANDARD_LIBRARIES = YES;
				BUNDLE_LOADER = "$(TEST_HOST)";
				CODE_SIGN_STYLE = Automatic;
				DEVELOPMENT_TEAM = J6JBXWQ47V;
				INFOPLIST_FILE = DataSourceForTableViewTests/Info.plist;
				LD_RUNPATH_SEARCH_PATHS = (
					"$(inherited)",
					"@executable_path/Frameworks",
					"@loader_path/Frameworks",
				);
				PRODUCT_BUNDLE_IDENTIFIER = co.ntobeko.DataSourceForTableViewTests;
				PRODUCT_NAME = "$(TARGET_NAME)";
				SWIFT_VERSION = 5.0;
				TARGETED_DEVICE_FAMILY = "1,2";
				TEST_HOST = "$(BUILT_PRODUCTS_DIR)/DataSourceForTableView.app/DataSourceForTableView";
			};
			name = Release;
		};
		4D3F888422D35EC0000DBE8A /* Debug */ = {
			isa = XCBuildConfiguration;
			buildSettings = {
				ALWAYS_EMBED_SWIFT_STANDARD_LIBRARIES = YES;
				CODE_SIGN_STYLE = Automatic;
				DEVELOPMENT_TEAM = J6JBXWQ47V;
				INFOPLIST_FILE = DataSourceForTableViewUITests/Info.plist;
				LD_RUNPATH_SEARCH_PATHS = (
					"$(inherited)",
					"@executable_path/Frameworks",
					"@loader_path/Frameworks",
				);
				PRODUCT_BUNDLE_IDENTIFIER = co.ntobeko.DataSourceForTableViewUITests;
				PRODUCT_NAME = "$(TARGET_NAME)";
				SWIFT_VERSION = 5.0;
				TARGETED_DEVICE_FAMILY = "1,2";
				TEST_TARGET_NAME = DataSourceForTableView;
			};
			name = Debug;
		};
		4D3F888522D35EC0000DBE8A /* Release */ = {
			isa = XCBuildConfiguration;
			buildSettings = {
				ALWAYS_EMBED_SWIFT_STANDARD_LIBRARIES = YES;
				CODE_SIGN_STYLE = Automatic;
				DEVELOPMENT_TEAM = J6JBXWQ47V;
				INFOPLIST_FILE = DataSourceForTableViewUITests/Info.plist;
				LD_RUNPATH_SEARCH_PATHS = (
					"$(inherited)",
					"@executable_path/Frameworks",
					"@loader_path/Frameworks",
				);
				PRODUCT_BUNDLE_IDENTIFIER = co.ntobeko.DataSourceForTableViewUITests;
				PRODUCT_NAME = "$(TARGET_NAME)";
				SWIFT_VERSION = 5.0;
				TARGETED_DEVICE_FAMILY = "1,2";
				TEST_TARGET_NAME = DataSourceForTableView;
			};
			name = Release;
		};
/* End XCBuildConfiguration section */

/* Begin XCConfigurationList section */
		4D3F885022D35EBF000DBE8A /* Build configuration list for PBXProject "DataSourceForTableView" */ = {
			isa = XCConfigurationList;
			buildConfigurations = (
				4D3F887B22D35EC0000DBE8A /* Debug */,
				4D3F887C22D35EC0000DBE8A /* Release */,
			);
			defaultConfigurationIsVisible = 0;
			defaultConfigurationName = Release;
		};
		4D3F887D22D35EC0000DBE8A /* Build configuration list for PBXNativeTarget "DataSourceForTableView" */ = {
			isa = XCConfigurationList;
			buildConfigurations = (
				4D3F887E22D35EC0000DBE8A /* Debug */,
				4D3F887F22D35EC0000DBE8A /* Release */,
			);
			defaultConfigurationIsVisible = 0;
			defaultConfigurationName = Release;
		};
		4D3F888022D35EC0000DBE8A /* Build configuration list for PBXNativeTarget "DataSourceForTableViewTests" */ = {
			isa = XCConfigurationList;
			buildConfigurations = (
				4D3F888122D35EC0000DBE8A /* Debug */,
				4D3F888222D35EC0000DBE8A /* Release */,
			);
			defaultConfigurationIsVisible = 0;
			defaultConfigurationName = Release;
		};
		4D3F888322D35EC0000DBE8A /* Build configuration list for PBXNativeTarget "DataSourceForTableViewUITests" */ = {
			isa = XCConfigurationList;
			buildConfigurations = (
				4D3F888422D35EC0000DBE8A /* Debug */,
				4D3F888522D35EC0000DBE8A /* Release */,
			);
			defaultConfigurationIsVisible = 0;
			defaultConfigurationName = Release;
		};
/* End XCConfigurationList section */
	};
	rootObject = 4D3F884D22D35EBF000DBE8A /* Project object */;
}
